
Microsoft Visual Studio Solution File, Format Version 12.00
# Visual Studio Version 16
VisualStudioVersion = 16.0.29409.12
MinimumVisualStudioVersion = 10.0.40219.1
Project("{9A19103F-16F7-4668-BE54-9A1E7A4F7556}") = "SmartDevelopment.Dal.MongoDb", "SmartDevelopment.Dal.MongoDb\SmartDevelopment.Dal.MongoDb.csproj", "{B8A29974-D347-47C7-9901-8362D12C16A9}"
EndProject
Project("{9A19103F-16F7-4668-BE54-9A1E7A4F7556}") = "SmartDevelopment.Dal.Abstractions", "SmartDevelopment.Dal.Abstractions\SmartDevelopment.Dal.Abstractions.csproj", "{25289D70-C9B4-427E-9F1A-F0121C738CF9}"
EndProject
Project("{9A19103F-16F7-4668-BE54-9A1E7A4F7556}") = "SmartDevelopment.DependencyTracking", "SmartDevelopment.DependencyTracking.Abstraction\SmartDevelopment.DependencyTracking.csproj", "{499EC9D6-6E25-4AFB-898A-34322CCEF1EC}"
EndProject
Project("{9A19103F-16F7-4668-BE54-9A1E7A4F7556}") = "SmartDevelopment.DependencyTracking.MongoDb", "SmartDevelopment.DependencyTracking.MongoDb\SmartDevelopment.DependencyTracking.MongoDb.csproj", "{B74CB135-86FB-41F1-95F1-B6345E1CF1D4}"
EndProject
Project("{9A19103F-16F7-4668-BE54-9A1E7A4F7556}") = "SmartDevelopment.Identity", "SmartDevelopment.Identity\SmartDevelopment.Identity.csproj", "{E7B80AE7-90EB-4A94-BB1B-6E2851729102}"
EndProject
Project("{9A19103F-16F7-4668-BE54-9A1E7A4F7556}") = "SmartDevelopment.SampleApp.AspCore", "SmartDevelopment.SampleApp.AspCore\SmartDevelopment.SampleApp.AspCore.csproj", "{C21C9898-29C9-424D-A4D5-393B111BCFA6}"
EndProject
Project("{9A19103F-16F7-4668-BE54-9A1E7A4F7556}") = "SmartDevelopment.Logging", "SmartDevelopment.Logging\SmartDevelopment.Logging.csproj", "{08955EC8-A79A-4351-8DBC-7AA66E9C3963}"
EndProject
Project("{9A19103F-16F7-4668-BE54-9A1E7A4F7556}") = "SmartDevelopment.AzureStorage", "SmartDevelopment.AzureStorage\SmartDevelopment.AzureStorage.csproj", "{F09E3C1F-43D3-44BB-9F18-B548AFB8B20E}"
EndProject
Project("{9A19103F-16F7-4668-BE54-9A1E7A4F7556}") = "SmartDevelopment.Emailer.Abstract", "SmartDevelopment.Emailer.Abstract\SmartDevelopment.Emailer.Abstract.csproj", "{A930F046-0D63-4B64-B788-FF1E046D6FD7}"
EndProject
Project("{9A19103F-16F7-4668-BE54-9A1E7A4F7556}") = "SmartDevelopment.HttpClientExtensions", "SmartDevelopment.HttpClientExtensions\SmartDevelopment.HttpClientExtensions.csproj", "{3099A346-9A1C-477F-81E4-0C8D5C025595}"
EndProject
Project("{9A19103F-16F7-4668-BE54-9A1E7A4F7556}") = "SmartDevelopment.Jobs.Base", "SmartDevelopment.Jobs.Base\SmartDevelopment.Jobs.Base.csproj", "{BB85F67F-AB2E-4549-916D-F3F224F2E712}"
EndProject
Project("{9A19103F-16F7-4668-BE54-9A1E7A4F7556}") = "SmartDevelopment.Jobs.EmailSender", "SmartDevelopment.Jobs.EmailSender\SmartDevelopment.Jobs.EmailSender.csproj", "{CAE6740D-5B0A-4266-B887-F885F19C3ADB}"
EndProject
Project("{9A19103F-16F7-4668-BE54-9A1E7A4F7556}") = "SmartDevelopment.Emailer.SendGrid", "SmartDevelopment.Emailer.SendGrid\SmartDevelopment.Emailer.SendGrid.csproj", "{A02F8BFE-4414-4C4A-B87F-53C0EB8B1637}"
EndProject
Project("{2150E333-8FDC-42A3-9474-1A3956D46DE8}") = "Packages", "Packages", "{1170A70C-2271-4CE7-BC81-C981A09B955E}"
EndProject
Project("{2150E333-8FDC-42A3-9474-1A3956D46DE8}") = "DependencyTracking", "DependencyTracking", "{47E63D7B-F8CD-4531-9828-FD7421869967}"
EndProject
Project("{2150E333-8FDC-42A3-9474-1A3956D46DE8}") = "Dal", "Dal", "{2A556271-213F-4525-8F05-C08C187293CD}"
EndProject
Project("{2150E333-8FDC-42A3-9474-1A3956D46DE8}") = "Emailing", "Emailing", "{FF20634F-A441-44D0-AE82-8539BC3BA1AE}"
EndProject
Project("{9A19103F-16F7-4668-BE54-9A1E7A4F7556}") = "SmartDevelopment.ApplicationInsight.Extensions", "SmartDevelopment.ApplicationInsight.Extensions\SmartDevelopment.ApplicationInsight.Extensions.csproj", "{0E86F5A3-023E-414A-A21E-F1AD1C470161}"
EndProject
Project("{2150E333-8FDC-42A3-9474-1A3956D46DE8}") = "Caching", "Caching", "{5D4768C4-D3B7-4543-A7AB-06B34676E810}"
EndProject
Project("{9A19103F-16F7-4668-BE54-9A1E7A4F7556}") = "SmartDevelopment.DependencyTracking.ApplicationInsights", "SmartDevelopment.DependencyTracking.ApplicationInsights\SmartDevelopment.DependencyTracking.ApplicationInsights.csproj", "{23D87BF2-D40B-4F0F-ADFF-5F9B54772A79}"
EndProject
Project("{9A19103F-16F7-4668-BE54-9A1E7A4F7556}") = "SmartDevelopment.Caching.EnrichedMemoryCache", "SmartDevelopment.Caching.EnrichedMemoryCache\SmartDevelopment.Caching.EnrichedMemoryCache.csproj", "{7559B6D3-792A-44FB-8D30-DAEAD576D666}"
EndProject
Project("{9A19103F-16F7-4668-BE54-9A1E7A4F7556}") = "SmartDevelopment.Caching.OutputCaching", "SmartDevelopment.Caching.OutputCaching\SmartDevelopment.Caching.OutputCaching.csproj", "{9E783AD9-EDDA-4C8D-B887-9AE8528BB260}"
EndProject
Project("{9A19103F-16F7-4668-BE54-9A1E7A4F7556}") = "SmartDevelopment.Messaging", "SmartDevelopment.Messaging\SmartDevelopment.Messaging.csproj", "{FC486A4D-D8CF-4CD4-B8AC-8DE6D4802BA7}"
EndProject
Project("{9A19103F-16F7-4668-BE54-9A1E7A4F7556}") = "SmartDevelopment.ServiceBus", "SmartDevelopment.ServiceBus\SmartDevelopment.ServiceBus.csproj", "{FB703270-0ED6-4A07-B44F-B851F5BD236B}"
EndProject
Project("{9A19103F-16F7-4668-BE54-9A1E7A4F7556}") = "SmartDevelopment.Caching.EnrichedMemoryCache.Distributed", "SmartDevelopment.Caching.EnrichedMemoryCache.Distributed\SmartDevelopment.Caching.EnrichedMemoryCache.Distributed.csproj", "{9B375480-83A0-48E1-BC47-CDD93C59D598}"
EndProject
Project("{FAE04EC0-301F-11D3-BF4B-00C04F79EFBC}") = "SmartDevelopment.Dal.Cached", "SmartDevelopment.Dal.Cached\SmartDevelopment.Dal.Cached.csproj", "{3DC7F6D4-135F-4CC6-B3F5-13911727B639}"
EndProject
Global
	GlobalSection(SolutionConfigurationPlatforms) = preSolution
		Debug|Any CPU = Debug|Any CPU
		Release|Any CPU = Release|Any CPU
		Staging|Any CPU = Staging|Any CPU
	EndGlobalSection
	GlobalSection(ProjectConfigurationPlatforms) = postSolution
		{B8A29974-D347-47C7-9901-8362D12C16A9}.Debug|Any CPU.ActiveCfg = Debug|Any CPU
		{B8A29974-D347-47C7-9901-8362D12C16A9}.Debug|Any CPU.Build.0 = Debug|Any CPU
		{B8A29974-D347-47C7-9901-8362D12C16A9}.Release|Any CPU.ActiveCfg = Release|Any CPU
		{B8A29974-D347-47C7-9901-8362D12C16A9}.Release|Any CPU.Build.0 = Release|Any CPU
		{B8A29974-D347-47C7-9901-8362D12C16A9}.Staging|Any CPU.ActiveCfg = Staging|Any CPU
		{B8A29974-D347-47C7-9901-8362D12C16A9}.Staging|Any CPU.Build.0 = Staging|Any CPU
		{25289D70-C9B4-427E-9F1A-F0121C738CF9}.Debug|Any CPU.ActiveCfg = Debug|Any CPU
		{25289D70-C9B4-427E-9F1A-F0121C738CF9}.Debug|Any CPU.Build.0 = Debug|Any CPU
		{25289D70-C9B4-427E-9F1A-F0121C738CF9}.Release|Any CPU.ActiveCfg = Release|Any CPU
		{25289D70-C9B4-427E-9F1A-F0121C738CF9}.Release|Any CPU.Build.0 = Release|Any CPU
		{25289D70-C9B4-427E-9F1A-F0121C738CF9}.Staging|Any CPU.ActiveCfg = Staging|Any CPU
		{25289D70-C9B4-427E-9F1A-F0121C738CF9}.Staging|Any CPU.Build.0 = Staging|Any CPU
		{499EC9D6-6E25-4AFB-898A-34322CCEF1EC}.Debug|Any CPU.ActiveCfg = Debug|Any CPU
		{499EC9D6-6E25-4AFB-898A-34322CCEF1EC}.Debug|Any CPU.Build.0 = Debug|Any CPU
		{499EC9D6-6E25-4AFB-898A-34322CCEF1EC}.Release|Any CPU.ActiveCfg = Release|Any CPU
		{499EC9D6-6E25-4AFB-898A-34322CCEF1EC}.Release|Any CPU.Build.0 = Release|Any CPU
		{499EC9D6-6E25-4AFB-898A-34322CCEF1EC}.Staging|Any CPU.ActiveCfg = Staging|Any CPU
		{499EC9D6-6E25-4AFB-898A-34322CCEF1EC}.Staging|Any CPU.Build.0 = Staging|Any CPU
		{B74CB135-86FB-41F1-95F1-B6345E1CF1D4}.Debug|Any CPU.ActiveCfg = Debug|Any CPU
		{B74CB135-86FB-41F1-95F1-B6345E1CF1D4}.Debug|Any CPU.Build.0 = Debug|Any CPU
		{B74CB135-86FB-41F1-95F1-B6345E1CF1D4}.Release|Any CPU.ActiveCfg = Release|Any CPU
		{B74CB135-86FB-41F1-95F1-B6345E1CF1D4}.Release|Any CPU.Build.0 = Release|Any CPU
		{B74CB135-86FB-41F1-95F1-B6345E1CF1D4}.Staging|Any CPU.ActiveCfg = Staging|Any CPU
		{B74CB135-86FB-41F1-95F1-B6345E1CF1D4}.Staging|Any CPU.Build.0 = Staging|Any CPU
		{E7B80AE7-90EB-4A94-BB1B-6E2851729102}.Debug|Any CPU.ActiveCfg = Debug|Any CPU
		{E7B80AE7-90EB-4A94-BB1B-6E2851729102}.Debug|Any CPU.Build.0 = Debug|Any CPU
		{E7B80AE7-90EB-4A94-BB1B-6E2851729102}.Release|Any CPU.ActiveCfg = Release|Any CPU
		{E7B80AE7-90EB-4A94-BB1B-6E2851729102}.Release|Any CPU.Build.0 = Release|Any CPU
		{E7B80AE7-90EB-4A94-BB1B-6E2851729102}.Staging|Any CPU.ActiveCfg = Staging|Any CPU
		{E7B80AE7-90EB-4A94-BB1B-6E2851729102}.Staging|Any CPU.Build.0 = Staging|Any CPU
		{C21C9898-29C9-424D-A4D5-393B111BCFA6}.Debug|Any CPU.ActiveCfg = Debug|Any CPU
		{C21C9898-29C9-424D-A4D5-393B111BCFA6}.Debug|Any CPU.Build.0 = Debug|Any CPU
		{C21C9898-29C9-424D-A4D5-393B111BCFA6}.Release|Any CPU.ActiveCfg = Release|Any CPU
		{C21C9898-29C9-424D-A4D5-393B111BCFA6}.Release|Any CPU.Build.0 = Release|Any CPU
		{C21C9898-29C9-424D-A4D5-393B111BCFA6}.Staging|Any CPU.ActiveCfg = Release|Any CPU
		{C21C9898-29C9-424D-A4D5-393B111BCFA6}.Staging|Any CPU.Build.0 = Release|Any CPU
		{08955EC8-A79A-4351-8DBC-7AA66E9C3963}.Debug|Any CPU.ActiveCfg = Debug|Any CPU
		{08955EC8-A79A-4351-8DBC-7AA66E9C3963}.Debug|Any CPU.Build.0 = Debug|Any CPU
		{08955EC8-A79A-4351-8DBC-7AA66E9C3963}.Release|Any CPU.ActiveCfg = Release|Any CPU
		{08955EC8-A79A-4351-8DBC-7AA66E9C3963}.Release|Any CPU.Build.0 = Release|Any CPU
		{08955EC8-A79A-4351-8DBC-7AA66E9C3963}.Staging|Any CPU.ActiveCfg = Staging|Any CPU
		{08955EC8-A79A-4351-8DBC-7AA66E9C3963}.Staging|Any CPU.Build.0 = Staging|Any CPU
		{F09E3C1F-43D3-44BB-9F18-B548AFB8B20E}.Debug|Any CPU.ActiveCfg = Debug|Any CPU
		{F09E3C1F-43D3-44BB-9F18-B548AFB8B20E}.Debug|Any CPU.Build.0 = Debug|Any CPU
		{F09E3C1F-43D3-44BB-9F18-B548AFB8B20E}.Release|Any CPU.ActiveCfg = Release|Any CPU
		{F09E3C1F-43D3-44BB-9F18-B548AFB8B20E}.Release|Any CPU.Build.0 = Release|Any CPU
		{F09E3C1F-43D3-44BB-9F18-B548AFB8B20E}.Staging|Any CPU.ActiveCfg = Staging|Any CPU
		{F09E3C1F-43D3-44BB-9F18-B548AFB8B20E}.Staging|Any CPU.Build.0 = Staging|Any CPU
		{A930F046-0D63-4B64-B788-FF1E046D6FD7}.Debug|Any CPU.ActiveCfg = Debug|Any CPU
		{A930F046-0D63-4B64-B788-FF1E046D6FD7}.Debug|Any CPU.Build.0 = Debug|Any CPU
		{A930F046-0D63-4B64-B788-FF1E046D6FD7}.Release|Any CPU.ActiveCfg = Release|Any CPU
		{A930F046-0D63-4B64-B788-FF1E046D6FD7}.Release|Any CPU.Build.0 = Release|Any CPU
		{A930F046-0D63-4B64-B788-FF1E046D6FD7}.Staging|Any CPU.ActiveCfg = Staging|Any CPU
		{A930F046-0D63-4B64-B788-FF1E046D6FD7}.Staging|Any CPU.Build.0 = Staging|Any CPU
		{3099A346-9A1C-477F-81E4-0C8D5C025595}.Debug|Any CPU.ActiveCfg = Debug|Any CPU
		{3099A346-9A1C-477F-81E4-0C8D5C025595}.Debug|Any CPU.Build.0 = Debug|Any CPU
		{3099A346-9A1C-477F-81E4-0C8D5C025595}.Release|Any CPU.ActiveCfg = Release|Any CPU
		{3099A346-9A1C-477F-81E4-0C8D5C025595}.Release|Any CPU.Build.0 = Release|Any CPU
		{3099A346-9A1C-477F-81E4-0C8D5C025595}.Staging|Any CPU.ActiveCfg = Staging|Any CPU
		{3099A346-9A1C-477F-81E4-0C8D5C025595}.Staging|Any CPU.Build.0 = Staging|Any CPU
		{BB85F67F-AB2E-4549-916D-F3F224F2E712}.Debug|Any CPU.ActiveCfg = Debug|Any CPU
		{BB85F67F-AB2E-4549-916D-F3F224F2E712}.Debug|Any CPU.Build.0 = Debug|Any CPU
		{BB85F67F-AB2E-4549-916D-F3F224F2E712}.Release|Any CPU.ActiveCfg = Release|Any CPU
		{BB85F67F-AB2E-4549-916D-F3F224F2E712}.Release|Any CPU.Build.0 = Release|Any CPU
		{BB85F67F-AB2E-4549-916D-F3F224F2E712}.Staging|Any CPU.ActiveCfg = Release|Any CPU
		{BB85F67F-AB2E-4549-916D-F3F224F2E712}.Staging|Any CPU.Build.0 = Release|Any CPU
		{CAE6740D-5B0A-4266-B887-F885F19C3ADB}.Debug|Any CPU.ActiveCfg = Debug|Any CPU
		{CAE6740D-5B0A-4266-B887-F885F19C3ADB}.Debug|Any CPU.Build.0 = Debug|Any CPU
		{CAE6740D-5B0A-4266-B887-F885F19C3ADB}.Release|Any CPU.ActiveCfg = Release|Any CPU
		{CAE6740D-5B0A-4266-B887-F885F19C3ADB}.Release|Any CPU.Build.0 = Release|Any CPU
		{CAE6740D-5B0A-4266-B887-F885F19C3ADB}.Staging|Any CPU.ActiveCfg = Debug|Any CPU
		{CAE6740D-5B0A-4266-B887-F885F19C3ADB}.Staging|Any CPU.Build.0 = Debug|Any CPU
		{A02F8BFE-4414-4C4A-B87F-53C0EB8B1637}.Debug|Any CPU.ActiveCfg = Debug|Any CPU
		{A02F8BFE-4414-4C4A-B87F-53C0EB8B1637}.Debug|Any CPU.Build.0 = Debug|Any CPU
		{A02F8BFE-4414-4C4A-B87F-53C0EB8B1637}.Release|Any CPU.ActiveCfg = Release|Any CPU
		{A02F8BFE-4414-4C4A-B87F-53C0EB8B1637}.Release|Any CPU.Build.0 = Release|Any CPU
		{A02F8BFE-4414-4C4A-B87F-53C0EB8B1637}.Staging|Any CPU.ActiveCfg = Debug|Any CPU
		{A02F8BFE-4414-4C4A-B87F-53C0EB8B1637}.Staging|Any CPU.Build.0 = Debug|Any CPU
		{0E86F5A3-023E-414A-A21E-F1AD1C470161}.Debug|Any CPU.ActiveCfg = Debug|Any CPU
		{0E86F5A3-023E-414A-A21E-F1AD1C470161}.Debug|Any CPU.Build.0 = Debug|Any CPU
		{0E86F5A3-023E-414A-A21E-F1AD1C470161}.Release|Any CPU.ActiveCfg = Release|Any CPU
		{0E86F5A3-023E-414A-A21E-F1AD1C470161}.Release|Any CPU.Build.0 = Release|Any CPU
		{0E86F5A3-023E-414A-A21E-F1AD1C470161}.Staging|Any CPU.ActiveCfg = Debug|Any CPU
		{0E86F5A3-023E-414A-A21E-F1AD1C470161}.Staging|Any CPU.Build.0 = Debug|Any CPU
		{23D87BF2-D40B-4F0F-ADFF-5F9B54772A79}.Debug|Any CPU.ActiveCfg = Debug|Any CPU
		{23D87BF2-D40B-4F0F-ADFF-5F9B54772A79}.Debug|Any CPU.Build.0 = Debug|Any CPU
		{23D87BF2-D40B-4F0F-ADFF-5F9B54772A79}.Release|Any CPU.ActiveCfg = Release|Any CPU
		{23D87BF2-D40B-4F0F-ADFF-5F9B54772A79}.Release|Any CPU.Build.0 = Release|Any CPU
		{23D87BF2-D40B-4F0F-ADFF-5F9B54772A79}.Staging|Any CPU.ActiveCfg = Staging|Any CPU
		{23D87BF2-D40B-4F0F-ADFF-5F9B54772A79}.Staging|Any CPU.Build.0 = Staging|Any CPU
		{7559B6D3-792A-44FB-8D30-DAEAD576D666}.Debug|Any CPU.ActiveCfg = Debug|Any CPU
		{7559B6D3-792A-44FB-8D30-DAEAD576D666}.Debug|Any CPU.Build.0 = Debug|Any CPU
		{7559B6D3-792A-44FB-8D30-DAEAD576D666}.Release|Any CPU.ActiveCfg = Release|Any CPU
		{7559B6D3-792A-44FB-8D30-DAEAD576D666}.Release|Any CPU.Build.0 = Release|Any CPU
		{7559B6D3-792A-44FB-8D30-DAEAD576D666}.Staging|Any CPU.ActiveCfg = Debug|Any CPU
		{7559B6D3-792A-44FB-8D30-DAEAD576D666}.Staging|Any CPU.Build.0 = Debug|Any CPU
		{9E783AD9-EDDA-4C8D-B887-9AE8528BB260}.Debug|Any CPU.ActiveCfg = Debug|Any CPU
		{9E783AD9-EDDA-4C8D-B887-9AE8528BB260}.Debug|Any CPU.Build.0 = Debug|Any CPU
		{9E783AD9-EDDA-4C8D-B887-9AE8528BB260}.Release|Any CPU.ActiveCfg = Release|Any CPU
		{9E783AD9-EDDA-4C8D-B887-9AE8528BB260}.Release|Any CPU.Build.0 = Release|Any CPU
		{9E783AD9-EDDA-4C8D-B887-9AE8528BB260}.Staging|Any CPU.ActiveCfg = Staging|Any CPU
		{9E783AD9-EDDA-4C8D-B887-9AE8528BB260}.Staging|Any CPU.Build.0 = Staging|Any CPU
		{FC486A4D-D8CF-4CD4-B8AC-8DE6D4802BA7}.Debug|Any CPU.ActiveCfg = Debug|Any CPU
		{FC486A4D-D8CF-4CD4-B8AC-8DE6D4802BA7}.Debug|Any CPU.Build.0 = Debug|Any CPU
		{FC486A4D-D8CF-4CD4-B8AC-8DE6D4802BA7}.Release|Any CPU.ActiveCfg = Release|Any CPU
		{FC486A4D-D8CF-4CD4-B8AC-8DE6D4802BA7}.Release|Any CPU.Build.0 = Release|Any CPU
		{FC486A4D-D8CF-4CD4-B8AC-8DE6D4802BA7}.Staging|Any CPU.ActiveCfg = Debug|Any CPU
		{FC486A4D-D8CF-4CD4-B8AC-8DE6D4802BA7}.Staging|Any CPU.Build.0 = Debug|Any CPU
		{FB703270-0ED6-4A07-B44F-B851F5BD236B}.Debug|Any CPU.ActiveCfg = Debug|Any CPU
		{FB703270-0ED6-4A07-B44F-B851F5BD236B}.Debug|Any CPU.Build.0 = Debug|Any CPU
		{FB703270-0ED6-4A07-B44F-B851F5BD236B}.Release|Any CPU.ActiveCfg = Release|Any CPU
		{FB703270-0ED6-4A07-B44F-B851F5BD236B}.Release|Any CPU.Build.0 = Release|Any CPU
		{FB703270-0ED6-4A07-B44F-B851F5BD236B}.Staging|Any CPU.ActiveCfg = Debug|Any CPU
		{FB703270-0ED6-4A07-B44F-B851F5BD236B}.Staging|Any CPU.Build.0 = Debug|Any CPU
		{9B375480-83A0-48E1-BC47-CDD93C59D598}.Debug|Any CPU.ActiveCfg = Debug|Any CPU
		{9B375480-83A0-48E1-BC47-CDD93C59D598}.Debug|Any CPU.Build.0 = Debug|Any CPU
		{9B375480-83A0-48E1-BC47-CDD93C59D598}.Release|Any CPU.ActiveCfg = Release|Any CPU
		{9B375480-83A0-48E1-BC47-CDD93C59D598}.Release|Any CPU.Build.0 = Release|Any CPU
		{9B375480-83A0-48E1-BC47-CDD93C59D598}.Staging|Any CPU.ActiveCfg = Debug|Any CPU
		{9B375480-83A0-48E1-BC47-CDD93C59D598}.Staging|Any CPU.Build.0 = Debug|Any CPU
		{3DC7F6D4-135F-4CC6-B3F5-13911727B639}.Debug|Any CPU.ActiveCfg = Debug|Any CPU
		{3DC7F6D4-135F-4CC6-B3F5-13911727B639}.Debug|Any CPU.Build.0 = Debug|Any CPU
		{3DC7F6D4-135F-4CC6-B3F5-13911727B639}.Release|Any CPU.ActiveCfg = Release|Any CPU
		{3DC7F6D4-135F-4CC6-B3F5-13911727B639}.Release|Any CPU.Build.0 = Release|Any CPU
		{3DC7F6D4-135F-4CC6-B3F5-13911727B639}.Staging|Any CPU.ActiveCfg = Debug|Any CPU
		{3DC7F6D4-135F-4CC6-B3F5-13911727B639}.Staging|Any CPU.Build.0 = Debug|Any CPU
	EndGlobalSection
	GlobalSection(SolutionProperties) = preSolution
		HideSolutionNode = FALSE
	EndGlobalSection
	GlobalSection(NestedProjects) = preSolution
		{B8A29974-D347-47C7-9901-8362D12C16A9} = {2A556271-213F-4525-8F05-C08C187293CD}
		{25289D70-C9B4-427E-9F1A-F0121C738CF9} = {2A556271-213F-4525-8F05-C08C187293CD}
		{499EC9D6-6E25-4AFB-898A-34322CCEF1EC} = {47E63D7B-F8CD-4531-9828-FD7421869967}
		{B74CB135-86FB-41F1-95F1-B6345E1CF1D4} = {47E63D7B-F8CD-4531-9828-FD7421869967}
		{E7B80AE7-90EB-4A94-BB1B-6E2851729102} = {1170A70C-2271-4CE7-BC81-C981A09B955E}
		{08955EC8-A79A-4351-8DBC-7AA66E9C3963} = {1170A70C-2271-4CE7-BC81-C981A09B955E}
		{F09E3C1F-43D3-44BB-9F18-B548AFB8B20E} = {1170A70C-2271-4CE7-BC81-C981A09B955E}
		{A930F046-0D63-4B64-B788-FF1E046D6FD7} = {FF20634F-A441-44D0-AE82-8539BC3BA1AE}
		{3099A346-9A1C-477F-81E4-0C8D5C025595} = {1170A70C-2271-4CE7-BC81-C981A09B955E}
		{BB85F67F-AB2E-4549-916D-F3F224F2E712} = {1170A70C-2271-4CE7-BC81-C981A09B955E}
		{A02F8BFE-4414-4C4A-B87F-53C0EB8B1637} = {FF20634F-A441-44D0-AE82-8539BC3BA1AE}
		{47E63D7B-F8CD-4531-9828-FD7421869967} = {1170A70C-2271-4CE7-BC81-C981A09B955E}
		{2A556271-213F-4525-8F05-C08C187293CD} = {1170A70C-2271-4CE7-BC81-C981A09B955E}
		{FF20634F-A441-44D0-AE82-8539BC3BA1AE} = {1170A70C-2271-4CE7-BC81-C981A09B955E}
		{0E86F5A3-023E-414A-A21E-F1AD1C470161} = {1170A70C-2271-4CE7-BC81-C981A09B955E}
		{5D4768C4-D3B7-4543-A7AB-06B34676E810} = {1170A70C-2271-4CE7-BC81-C981A09B955E}
		{23D87BF2-D40B-4F0F-ADFF-5F9B54772A79} = {47E63D7B-F8CD-4531-9828-FD7421869967}
		{7559B6D3-792A-44FB-8D30-DAEAD576D666} = {5D4768C4-D3B7-4543-A7AB-06B34676E810}
		{9E783AD9-EDDA-4C8D-B887-9AE8528BB260} = {5D4768C4-D3B7-4543-A7AB-06B34676E810}
		{FC486A4D-D8CF-4CD4-B8AC-8DE6D4802BA7} = {1170A70C-2271-4CE7-BC81-C981A09B955E}
		{FB703270-0ED6-4A07-B44F-B851F5BD236B} = {1170A70C-2271-4CE7-BC81-C981A09B955E}
		{9B375480-83A0-48E1-BC47-CDD93C59D598} = {5D4768C4-D3B7-4543-A7AB-06B34676E810}
		{3DC7F6D4-135F-4CC6-B3F5-13911727B639} = {2A556271-213F-4525-8F05-C08C187293CD}
	EndGlobalSection
	GlobalSection(ExtensibilityGlobals) = postSolution
		SolutionGuid = {F3B14051-BA26-4384-B0DE-6D46EECE90BF}
	EndGlobalSection
EndGlobal
